
Microsoft Visual Studio Solution File, Format Version 12.00
# Visual Studio Version 17
VisualStudioVersion = 17.13.35931.197 d17.13
MinimumVisualStudioVersion = 10.0.40219.1
Project("{FAE04EC0-301F-11D3-BF4B-00C04F79EFBC}") = "API-Ecommerce", "API-Ecommerce\API-Ecommerce.csproj", "{4713DECE-01D0-4E9C-B575-EF99818BA071}"
EndProject
Global
	GlobalSection(SolutionConfigurationPlatforms) = preSolution
		Debug|Any CPU = Debug|Any CPU
		Release|Any CPU = Release|Any CPU
	EndGlobalSection
	GlobalSection(ProjectConfigurationPlatforms) = postSolution
		{4713DECE-01D0-4E9C-B575-EF99818BA071}.Debug|Any CPU.ActiveCfg = Debug|Any CPU
		{4713DECE-01D0-4E9C-B575-EF99818BA071}.Debug|Any CPU.Build.0 = Debug|Any CPU
		{4713DECE-01D0-4E9C-B575-EF99818BA071}.Release|Any CPU.ActiveCfg = Release|Any CPU
		{4713DECE-01D0-4E9C-B575-EF99818BA071}.Release|Any CPU.Build.0 = Release|Any CPU
	EndGlobalSection
	GlobalSection(SolutionProperties) = preSolution
		HideSolutionNode = FALSE
	EndGlobalSection
	GlobalSection(ExtensibilityGlobals) = postSolution
		SolutionGuid = {32153E00-A84B-4090-9832-854DDDA756CA}
	EndGlobalSection
EndGlobal
